{
  "version": 4,
  "terraform_version": "1.5.4",
  "serial": 116,
  "lineage": "88fafdee-0e36-d02a-3c62-90927c0087f2",
  "outputs": {},
  "resources": [
    {
      "mode": "managed",
      "type": "azurerm_network_interface_backend_address_pool_association",
      "name": "web_lb_assoc",
      "provider": "provider[\"registry.terraform.io/hashicorp/azurerm\"]",
      "instances": []
    },
    {
      "mode": "managed",
      "type": "azurerm_resource_group",
      "name": "jd_rg",
      "provider": "provider[\"registry.terraform.io/hashicorp/azurerm\"]",
      "instances": [
        {
          "schema_version": 0,
          "attributes": {
            "id": "/subscriptions/d00b3bbd-b236-423c-b3e6-3ce1cf08e4c7/resourceGroups/jd-rg",
            "location": "eastus",
            "managed_by": "",
            "name": "jd-rg",
            "tags": {},
            "timeouts": null
          },
          "sensitive_attributes": [],
          "private": "eyJlMmJmYjczMC1lY2FhLTExZTYtOGY4OC0zNDM2M2JjN2M0YzAiOnsiY3JlYXRlIjo1NDAwMDAwMDAwMDAwLCJkZWxldGUiOjU0MDAwMDAwMDAwMDAsInJlYWQiOjMwMDAwMDAwMDAwMCwidXBkYXRlIjo1NDAwMDAwMDAwMDAwfX0="
        }
      ]
    },
    {
      "module": "module.app_spoke",
      "mode": "managed",
      "type": "azurerm_subnet",
      "name": "app_subnet",
      "provider": "provider[\"registry.terraform.io/hashicorp/azurerm\"]",
      "instances": [
        {
          "schema_version": 0,
          "attributes": {
            "address_prefixes": [
              "10.2.1.0/24"
            ],
            "default_outbound_access_enabled": true,
            "delegation": [],
            "enforce_private_link_endpoint_network_policies": false,
            "enforce_private_link_service_network_policies": false,
            "id": "/subscriptions/d00b3bbd-b236-423c-b3e6-3ce1cf08e4c7/resourceGroups/jd-rg/providers/Microsoft.Network/virtualNetworks/jd-app-vnet/subnets/app-subnet",
            "name": "app-subnet",
            "private_endpoint_network_policies": "Enabled",
            "private_endpoint_network_policies_enabled": true,
            "private_link_service_network_policies_enabled": true,
            "resource_group_name": "jd-rg",
            "service_endpoint_policy_ids": [],
            "service_endpoints": [],
            "timeouts": null,
            "virtual_network_name": "jd-app-vnet"
          },
          "sensitive_attributes": [],
          "private": "eyJlMmJmYjczMC1lY2FhLTExZTYtOGY4OC0zNDM2M2JjN2M0YzAiOnsiY3JlYXRlIjoxODAwMDAwMDAwMDAwLCJkZWxldGUiOjE4MDAwMDAwMDAwMDAsInJlYWQiOjMwMDAwMDAwMDAwMCwidXBkYXRlIjoxODAwMDAwMDAwMDAwfX0=",
          "dependencies": [
            "azurerm_resource_group.jd_rg",
            "module.app_spoke.azurerm_virtual_network.app_vnet"
          ]
        }
      ]
    },
    {
      "module": "module.app_spoke",
      "mode": "managed",
      "type": "azurerm_virtual_network",
      "name": "app_vnet",
      "provider": "provider[\"registry.terraform.io/hashicorp/azurerm\"]",
      "instances": [
        {
          "schema_version": 0,
          "attributes": {
            "address_space": [
              "10.2.0.0/16"
            ],
            "bgp_community": "",
            "ddos_protection_plan": [],
            "dns_servers": [],
            "edge_zone": "",
            "encryption": [],
            "flow_timeout_in_minutes": 0,
            "guid": "1b931b17-3128-485a-a0d6-2efe397866fe",
            "id": "/subscriptions/d00b3bbd-b236-423c-b3e6-3ce1cf08e4c7/resourceGroups/jd-rg/providers/Microsoft.Network/virtualNetworks/jd-app-vnet",
            "location": "eastus",
            "name": "jd-app-vnet",
            "resource_group_name": "jd-rg",
            "subnet": [
              {
                "address_prefix": "10.2.1.0/24",
                "id": "/subscriptions/d00b3bbd-b236-423c-b3e6-3ce1cf08e4c7/resourceGroups/jd-rg/providers/Microsoft.Network/virtualNetworks/jd-app-vnet/subnets/app-subnet",
                "name": "app-subnet",
                "security_group": ""
              }
            ],
            "tags": {},
            "timeouts": null
          },
          "sensitive_attributes": [],
          "private": "eyJlMmJmYjczMC1lY2FhLTExZTYtOGY4OC0zNDM2M2JjN2M0YzAiOnsiY3JlYXRlIjoxODAwMDAwMDAwMDAwLCJkZWxldGUiOjE4MDAwMDAwMDAwMDAsInJlYWQiOjMwMDAwMDAwMDAwMCwidXBkYXRlIjoxODAwMDAwMDAwMDAwfX0=",
          "dependencies": [
            "azurerm_resource_group.jd_rg"
          ]
        }
      ]
    },
    {
      "module": "module.app_vm",
      "mode": "managed",
      "type": "azurerm_network_interface",
      "name": "nic",
      "provider": "provider[\"registry.terraform.io/hashicorp/azurerm\"]",
      "instances": [
        {
          "index_key": 0,
          "schema_version": 0,
          "attributes": {
            "accelerated_networking_enabled": false,
            "applied_dns_servers": [],
            "auxiliary_mode": "",
            "auxiliary_sku": "",
            "dns_servers": [],
            "edge_zone": "",
            "enable_accelerated_networking": false,
            "enable_ip_forwarding": false,
            "id": "/subscriptions/d00b3bbd-b236-423c-b3e6-3ce1cf08e4c7/resourceGroups/jd-rg/providers/Microsoft.Network/networkInterfaces/app-nic-0",
            "internal_dns_name_label": "",
            "internal_domain_name_suffix": "c2nzggzigfnerigwf15ds4dg5g.bx.internal.cloudapp.net",
            "ip_configuration": [
              {
                "gateway_load_balancer_frontend_ip_configuration_id": "",
                "name": "internal",
                "primary": true,
                "private_ip_address": "10.2.1.6",
                "private_ip_address_allocation": "Dynamic",
                "private_ip_address_version": "IPv4",
                "public_ip_address_id": "",
                "subnet_id": "/subscriptions/d00b3bbd-b236-423c-b3e6-3ce1cf08e4c7/resourceGroups/jd-rg/providers/Microsoft.Network/virtualNetworks/jd-app-vnet/subnets/app-subnet"
              }
            ],
            "ip_forwarding_enabled": false,
            "location": "eastus",
            "mac_address": "",
            "name": "app-nic-0",
            "private_ip_address": "10.2.1.6",
            "private_ip_addresses": [
              "10.2.1.6"
            ],
            "resource_group_name": "jd-rg",
            "tags": null,
            "timeouts": null,
            "virtual_machine_id": ""
          },
          "sensitive_attributes": [],
          "private": "eyJlMmJmYjczMC1lY2FhLTExZTYtOGY4OC0zNDM2M2JjN2M0YzAiOnsiY3JlYXRlIjoxODAwMDAwMDAwMDAwLCJkZWxldGUiOjE4MDAwMDAwMDAwMDAsInJlYWQiOjMwMDAwMDAwMDAwMCwidXBkYXRlIjoxODAwMDAwMDAwMDAwfX0=",
          "dependencies": [
            "azurerm_resource_group.jd_rg",
            "module.app_spoke.azurerm_subnet.app_subnet"
          ]
        },
        {
          "index_key": 1,
          "schema_version": 0,
          "attributes": {
            "accelerated_networking_enabled": false,
            "applied_dns_servers": [],
            "auxiliary_mode": "",
            "auxiliary_sku": "",
            "dns_servers": [],
            "edge_zone": "",
            "enable_accelerated_networking": false,
            "enable_ip_forwarding": false,
            "id": "/subscriptions/d00b3bbd-b236-423c-b3e6-3ce1cf08e4c7/resourceGroups/jd-rg/providers/Microsoft.Network/networkInterfaces/app-nic-1",
            "internal_dns_name_label": "",
            "internal_domain_name_suffix": "c2nzggzigfnerigwf15ds4dg5g.bx.internal.cloudapp.net",
            "ip_configuration": [
              {
                "gateway_load_balancer_frontend_ip_configuration_id": "",
                "name": "internal",
                "primary": true,
                "private_ip_address": "10.2.1.5",
                "private_ip_address_allocation": "Dynamic",
                "private_ip_address_version": "IPv4",
                "public_ip_address_id": "",
                "subnet_id": "/subscriptions/d00b3bbd-b236-423c-b3e6-3ce1cf08e4c7/resourceGroups/jd-rg/providers/Microsoft.Network/virtualNetworks/jd-app-vnet/subnets/app-subnet"
              }
            ],
            "ip_forwarding_enabled": false,
            "location": "eastus",
            "mac_address": "",
            "name": "app-nic-1",
            "private_ip_address": "10.2.1.5",
            "private_ip_addresses": [
              "10.2.1.5"
            ],
            "resource_group_name": "jd-rg",
            "tags": null,
            "timeouts": null,
            "virtual_machine_id": ""
          },
          "sensitive_attributes": [],
          "private": "eyJlMmJmYjczMC1lY2FhLTExZTYtOGY4OC0zNDM2M2JjN2M0YzAiOnsiY3JlYXRlIjoxODAwMDAwMDAwMDAwLCJkZWxldGUiOjE4MDAwMDAwMDAwMDAsInJlYWQiOjMwMDAwMDAwMDAwMCwidXBkYXRlIjoxODAwMDAwMDAwMDAwfX0=",
          "dependencies": [
            "azurerm_resource_group.jd_rg",
            "module.app_spoke.azurerm_subnet.app_subnet"
          ]
        }
      ]
    },
    {
      "module": "module.app_vm",
      "mode": "managed",
      "type": "azurerm_network_interface_backend_address_pool_association",
      "name": "web_lb_assoc",
      "provider": "provider[\"registry.terraform.io/hashicorp/azurerm\"]",
      "instances": []
    },
    {
      "module": "module.app_vm",
      "mode": "managed",
      "type": "azurerm_windows_virtual_machine",
      "name": "vm",
      "provider": "provider[\"registry.terraform.io/hashicorp/azurerm\"]",
      "instances": [
        {
          "index_key": 0,
          "schema_version": 0,
          "attributes": {
            "additional_capabilities": [],
            "additional_unattend_content": [],
            "admin_password": "Password123!",
            "admin_username": "azureadmin",
            "allow_extension_operations": true,
            "availability_set_id": "",
            "boot_diagnostics": [],
            "bypass_platform_safety_checks_on_user_schedule_enabled": false,
            "capacity_reservation_group_id": "",
            "computer_name": "app-vm-0",
            "custom_data": null,
            "dedicated_host_group_id": "",
            "dedicated_host_id": "",
            "disk_controller_type": "",
            "edge_zone": "",
            "enable_automatic_updates": true,
            "encryption_at_host_enabled": false,
            "eviction_policy": "",
            "extensions_time_budget": "PT1H30M",
            "gallery_application": [],
            "hotpatching_enabled": false,
            "id": "/subscriptions/d00b3bbd-b236-423c-b3e6-3ce1cf08e4c7/resourceGroups/jd-rg/providers/Microsoft.Compute/virtualMachines/app-vm-0",
            "identity": [],
            "license_type": "",
            "location": "eastus",
            "max_bid_price": -1,
            "name": "app-vm-0",
            "network_interface_ids": [
              "/subscriptions/d00b3bbd-b236-423c-b3e6-3ce1cf08e4c7/resourceGroups/jd-rg/providers/Microsoft.Network/networkInterfaces/app-nic-0"
            ],
            "os_disk": [
              {
                "caching": "ReadWrite",
                "diff_disk_settings": [],
                "disk_encryption_set_id": "",
                "disk_size_gb": 127,
                "name": "app-vm-0_disk1_49a24d658f774bbb8d099c82b66f9244",
                "secure_vm_disk_encryption_set_id": "",
                "security_encryption_type": "",
                "storage_account_type": "Standard_LRS",
                "write_accelerator_enabled": false
              }
            ],
            "os_image_notification": [],
            "patch_assessment_mode": "ImageDefault",
            "patch_mode": "AutomaticByOS",
            "plan": [],
            "platform_fault_domain": -1,
            "priority": "Regular",
            "private_ip_address": "10.2.1.6",
            "private_ip_addresses": [
              "10.2.1.6"
            ],
            "provision_vm_agent": true,
            "proximity_placement_group_id": "",
            "public_ip_address": "",
            "public_ip_addresses": [],
            "reboot_setting": "",
            "resource_group_name": "jd-rg",
            "secret": [],
            "secure_boot_enabled": false,
            "size": "Standard_B2s",
            "source_image_id": "",
            "source_image_reference": [
              {
                "offer": "WindowsServer",
                "publisher": "MicrosoftWindowsServer",
                "sku": "2019-Datacenter",
                "version": "latest"
              }
            ],
            "tags": null,
            "termination_notification": null,
            "timeouts": null,
            "timezone": "",
            "user_data": "",
            "virtual_machine_id": "ea171a23-50d9-4111-b8a8-0dfdb37921d2",
            "virtual_machine_scale_set_id": "",
            "vm_agent_platform_updates_enabled": true,
            "vtpm_enabled": false,
            "winrm_listener": [],
            "zone": ""
          },
          "sensitive_attributes": [],
          "private": "eyJlMmJmYjczMC1lY2FhLTExZTYtOGY4OC0zNDM2M2JjN2M0YzAiOnsiY3JlYXRlIjoyNzAwMDAwMDAwMDAwLCJkZWxldGUiOjI3MDAwMDAwMDAwMDAsInJlYWQiOjMwMDAwMDAwMDAwMCwidXBkYXRlIjoyNzAwMDAwMDAwMDAwfX0=",
          "dependencies": [
            "azurerm_resource_group.jd_rg",
            "module.app_spoke.azurerm_subnet.app_subnet",
            "module.app_vm.azurerm_network_interface.nic"
          ]
        },
        {
          "index_key": 1,
          "schema_version": 0,
          "attributes": {
            "additional_capabilities": [],
            "additional_unattend_content": [],
            "admin_password": "Password123!",
            "admin_username": "azureadmin",
            "allow_extension_operations": true,
            "availability_set_id": "",
            "boot_diagnostics": [],
            "bypass_platform_safety_checks_on_user_schedule_enabled": false,
            "capacity_reservation_group_id": "",
            "computer_name": "app-vm-1",
            "custom_data": null,
            "dedicated_host_group_id": "",
            "dedicated_host_id": "",
            "disk_controller_type": "",
            "edge_zone": "",
            "enable_automatic_updates": true,
            "encryption_at_host_enabled": false,
            "eviction_policy": "",
            "extensions_time_budget": "PT1H30M",
            "gallery_application": [],
            "hotpatching_enabled": false,
            "id": "/subscriptions/d00b3bbd-b236-423c-b3e6-3ce1cf08e4c7/resourceGroups/jd-rg/providers/Microsoft.Compute/virtualMachines/app-vm-1",
            "identity": [],
            "license_type": "",
            "location": "eastus",
            "max_bid_price": -1,
            "name": "app-vm-1",
            "network_interface_ids": [
              "/subscriptions/d00b3bbd-b236-423c-b3e6-3ce1cf08e4c7/resourceGroups/jd-rg/providers/Microsoft.Network/networkInterfaces/app-nic-1"
            ],
            "os_disk": [
              {
                "caching": "ReadWrite",
                "diff_disk_settings": [],
                "disk_encryption_set_id": "",
                "disk_size_gb": 127,
                "name": "app-vm-1_OsDisk_1_a43d07ca4d5b44df930d26ee7d49491f",
                "secure_vm_disk_encryption_set_id": "",
                "security_encryption_type": "",
                "storage_account_type": "Standard_LRS",
                "write_accelerator_enabled": false
              }
            ],
            "os_image_notification": [],
            "patch_assessment_mode": "ImageDefault",
            "patch_mode": "AutomaticByOS",
            "plan": [],
            "platform_fault_domain": -1,
            "priority": "Regular",
            "private_ip_address": "10.2.1.5",
            "private_ip_addresses": [
              "10.2.1.5"
            ],
            "provision_vm_agent": true,
            "proximity_placement_group_id": "",
            "public_ip_address": "",
            "public_ip_addresses": [],
            "reboot_setting": "",
            "resource_group_name": "jd-rg",
            "secret": [],
            "secure_boot_enabled": false,
            "size": "Standard_B2s",
            "source_image_id": "",
            "source_image_reference": [
              {
                "offer": "WindowsServer",
                "publisher": "MicrosoftWindowsServer",
                "sku": "2019-Datacenter",
                "version": "latest"
              }
            ],
            "tags": null,
            "termination_notification": null,
            "timeouts": null,
            "timezone": "",
            "user_data": "",
            "virtual_machine_id": "09b57bb0-990a-46de-b07b-1a9a8a4c0859",
            "virtual_machine_scale_set_id": "",
            "vm_agent_platform_updates_enabled": true,
            "vtpm_enabled": false,
            "winrm_listener": [],
            "zone": ""
          },
          "sensitive_attributes": [],
          "private": "eyJlMmJmYjczMC1lY2FhLTExZTYtOGY4OC0zNDM2M2JjN2M0YzAiOnsiY3JlYXRlIjoyNzAwMDAwMDAwMDAwLCJkZWxldGUiOjI3MDAwMDAwMDAwMDAsInJlYWQiOjMwMDAwMDAwMDAwMCwidXBkYXRlIjoyNzAwMDAwMDAwMDAwfX0=",
          "dependencies": [
            "azurerm_resource_group.jd_rg",
            "module.app_spoke.azurerm_subnet.app_subnet",
            "module.app_vm.azurerm_network_interface.nic"
          ]
        }
      ]
    },
    {
      "module": "module.db_spoke",
      "mode": "managed",
      "type": "azurerm_subnet",
      "name": "db_subnet",
      "provider": "provider[\"registry.terraform.io/hashicorp/azurerm\"]",
      "instances": [
        {
          "schema_version": 0,
          "attributes": {
            "address_prefixes": [
              "10.3.1.0/24"
            ],
            "default_outbound_access_enabled": true,
            "delegation": [],
            "enforce_private_link_endpoint_network_policies": false,
            "enforce_private_link_service_network_policies": false,
            "id": "/subscriptions/d00b3bbd-b236-423c-b3e6-3ce1cf08e4c7/resourceGroups/jd-rg/providers/Microsoft.Network/virtualNetworks/jd-db-vnet/subnets/db-subnet",
            "name": "db-subnet",
            "private_endpoint_network_policies": "Enabled",
            "private_endpoint_network_policies_enabled": true,
            "private_link_service_network_policies_enabled": true,
            "resource_group_name": "jd-rg",
            "service_endpoint_policy_ids": [],
            "service_endpoints": [],
            "timeouts": null,
            "virtual_network_name": "jd-db-vnet"
          },
          "sensitive_attributes": [],
          "private": "eyJlMmJmYjczMC1lY2FhLTExZTYtOGY4OC0zNDM2M2JjN2M0YzAiOnsiY3JlYXRlIjoxODAwMDAwMDAwMDAwLCJkZWxldGUiOjE4MDAwMDAwMDAwMDAsInJlYWQiOjMwMDAwMDAwMDAwMCwidXBkYXRlIjoxODAwMDAwMDAwMDAwfX0=",
          "dependencies": [
            "azurerm_resource_group.jd_rg",
            "module.db_spoke.azurerm_virtual_network.db_vnet"
          ]
        }
      ]
    },
    {
      "module": "module.db_spoke",
      "mode": "managed",
      "type": "azurerm_virtual_network",
      "name": "db_vnet",
      "provider": "provider[\"registry.terraform.io/hashicorp/azurerm\"]",
      "instances": [
        {
          "schema_version": 0,
          "attributes": {
            "address_space": [
              "10.3.0.0/16"
            ],
            "bgp_community": "",
            "ddos_protection_plan": [],
            "dns_servers": [],
            "edge_zone": "",
            "encryption": [],
            "flow_timeout_in_minutes": 0,
            "guid": "2a9b5b2b-1cac-4f1f-8d4e-fad32cd70683",
            "id": "/subscriptions/d00b3bbd-b236-423c-b3e6-3ce1cf08e4c7/resourceGroups/jd-rg/providers/Microsoft.Network/virtualNetworks/jd-db-vnet",
            "location": "eastus",
            "name": "jd-db-vnet",
            "resource_group_name": "jd-rg",
            "subnet": [
              {
                "address_prefix": "10.3.1.0/24",
                "id": "/subscriptions/d00b3bbd-b236-423c-b3e6-3ce1cf08e4c7/resourceGroups/jd-rg/providers/Microsoft.Network/virtualNetworks/jd-db-vnet/subnets/db-subnet",
                "name": "db-subnet",
                "security_group": ""
              }
            ],
            "tags": {},
            "timeouts": null
          },
          "sensitive_attributes": [],
          "private": "eyJlMmJmYjczMC1lY2FhLTExZTYtOGY4OC0zNDM2M2JjN2M0YzAiOnsiY3JlYXRlIjoxODAwMDAwMDAwMDAwLCJkZWxldGUiOjE4MDAwMDAwMDAwMDAsInJlYWQiOjMwMDAwMDAwMDAwMCwidXBkYXRlIjoxODAwMDAwMDAwMDAwfX0=",
          "dependencies": [
            "azurerm_resource_group.jd_rg"
          ]
        }
      ]
    },
    {
      "module": "module.db_vm",
      "mode": "managed",
      "type": "azurerm_network_interface",
      "name": "nic",
      "provider": "provider[\"registry.terraform.io/hashicorp/azurerm\"]",
      "instances": [
        {
          "index_key": 0,
          "schema_version": 0,
          "attributes": {
            "accelerated_networking_enabled": false,
            "applied_dns_servers": [],
            "auxiliary_mode": "",
            "auxiliary_sku": "",
            "dns_servers": [],
            "edge_zone": "",
            "enable_accelerated_networking": false,
            "enable_ip_forwarding": false,
            "id": "/subscriptions/d00b3bbd-b236-423c-b3e6-3ce1cf08e4c7/resourceGroups/jd-rg/providers/Microsoft.Network/networkInterfaces/db-nic-0",
            "internal_dns_name_label": "",
            "internal_domain_name_suffix": "fnnzwkvmdqpu5dko5ljszvygqd.bx.internal.cloudapp.net",
            "ip_configuration": [
              {
                "gateway_load_balancer_frontend_ip_configuration_id": "",
                "name": "internal",
                "primary": true,
                "private_ip_address": "10.3.1.5",
                "private_ip_address_allocation": "Dynamic",
                "private_ip_address_version": "IPv4",
                "public_ip_address_id": "",
                "subnet_id": "/subscriptions/d00b3bbd-b236-423c-b3e6-3ce1cf08e4c7/resourceGroups/jd-rg/providers/Microsoft.Network/virtualNetworks/jd-db-vnet/subnets/db-subnet"
              }
            ],
            "ip_forwarding_enabled": false,
            "location": "eastus",
            "mac_address": "",
            "name": "db-nic-0",
            "private_ip_address": "10.3.1.5",
            "private_ip_addresses": [
              "10.3.1.5"
            ],
            "resource_group_name": "jd-rg",
            "tags": null,
            "timeouts": null,
            "virtual_machine_id": ""
          },
          "sensitive_attributes": [],
          "private": "eyJlMmJmYjczMC1lY2FhLTExZTYtOGY4OC0zNDM2M2JjN2M0YzAiOnsiY3JlYXRlIjoxODAwMDAwMDAwMDAwLCJkZWxldGUiOjE4MDAwMDAwMDAwMDAsInJlYWQiOjMwMDAwMDAwMDAwMCwidXBkYXRlIjoxODAwMDAwMDAwMDAwfX0=",
          "dependencies": [
            "azurerm_resource_group.jd_rg",
            "module.db_spoke.azurerm_subnet.db_subnet"
          ]
        },
        {
          "index_key": 1,
          "schema_version": 0,
          "attributes": {
            "accelerated_networking_enabled": false,
            "applied_dns_servers": [],
            "auxiliary_mode": "",
            "auxiliary_sku": "",
            "dns_servers": [],
            "edge_zone": "",
            "enable_accelerated_networking": false,
            "enable_ip_forwarding": false,
            "id": "/subscriptions/d00b3bbd-b236-423c-b3e6-3ce1cf08e4c7/resourceGroups/jd-rg/providers/Microsoft.Network/networkInterfaces/db-nic-1",
            "internal_dns_name_label": "",
            "internal_domain_name_suffix": "fnnzwkvmdqpu5dko5ljszvygqd.bx.internal.cloudapp.net",
            "ip_configuration": [
              {
                "gateway_load_balancer_frontend_ip_configuration_id": "",
                "name": "internal",
                "primary": true,
                "private_ip_address": "10.3.1.4",
                "private_ip_address_allocation": "Dynamic",
                "private_ip_address_version": "IPv4",
                "public_ip_address_id": "",
                "subnet_id": "/subscriptions/d00b3bbd-b236-423c-b3e6-3ce1cf08e4c7/resourceGroups/jd-rg/providers/Microsoft.Network/virtualNetworks/jd-db-vnet/subnets/db-subnet"
              }
            ],
            "ip_forwarding_enabled": false,
            "location": "eastus",
            "mac_address": "",
            "name": "db-nic-1",
            "private_ip_address": "10.3.1.4",
            "private_ip_addresses": [
              "10.3.1.4"
            ],
            "resource_group_name": "jd-rg",
            "tags": null,
            "timeouts": null,
            "virtual_machine_id": ""
          },
          "sensitive_attributes": [],
          "private": "eyJlMmJmYjczMC1lY2FhLTExZTYtOGY4OC0zNDM2M2JjN2M0YzAiOnsiY3JlYXRlIjoxODAwMDAwMDAwMDAwLCJkZWxldGUiOjE4MDAwMDAwMDAwMDAsInJlYWQiOjMwMDAwMDAwMDAwMCwidXBkYXRlIjoxODAwMDAwMDAwMDAwfX0=",
          "dependencies": [
            "azurerm_resource_group.jd_rg",
            "module.db_spoke.azurerm_subnet.db_subnet"
          ]
        }
      ]
    },
    {
      "module": "module.db_vm",
      "mode": "managed",
      "type": "azurerm_windows_virtual_machine",
      "name": "vm",
      "provider": "provider[\"registry.terraform.io/hashicorp/azurerm\"]",
      "instances": [
        {
          "index_key": 0,
          "schema_version": 0,
          "attributes": {
            "additional_capabilities": [],
            "additional_unattend_content": [],
            "admin_password": "Password123!",
            "admin_username": "azureadmin",
            "allow_extension_operations": true,
            "availability_set_id": "",
            "boot_diagnostics": [],
            "bypass_platform_safety_checks_on_user_schedule_enabled": false,
            "capacity_reservation_group_id": "",
            "computer_name": "db-vm-0",
            "custom_data": null,
            "dedicated_host_group_id": "",
            "dedicated_host_id": "",
            "disk_controller_type": "",
            "edge_zone": "",
            "enable_automatic_updates": true,
            "encryption_at_host_enabled": false,
            "eviction_policy": "",
            "extensions_time_budget": "PT1H30M",
            "gallery_application": [],
            "hotpatching_enabled": false,
            "id": "/subscriptions/d00b3bbd-b236-423c-b3e6-3ce1cf08e4c7/resourceGroups/jd-rg/providers/Microsoft.Compute/virtualMachines/db-vm-0",
            "identity": [],
            "license_type": "",
            "location": "eastus",
            "max_bid_price": -1,
            "name": "db-vm-0",
            "network_interface_ids": [
              "/subscriptions/d00b3bbd-b236-423c-b3e6-3ce1cf08e4c7/resourceGroups/jd-rg/providers/Microsoft.Network/networkInterfaces/db-nic-0"
            ],
            "os_disk": [
              {
                "caching": "ReadWrite",
                "diff_disk_settings": [],
                "disk_encryption_set_id": "",
                "disk_size_gb": 127,
                "name": "db-vm-0_disk1_21f2d45660c34e46a8fbabbc2c5470b1",
                "secure_vm_disk_encryption_set_id": "",
                "security_encryption_type": "",
                "storage_account_type": "Standard_LRS",
                "write_accelerator_enabled": false
              }
            ],
            "os_image_notification": [],
            "patch_assessment_mode": "ImageDefault",
            "patch_mode": "AutomaticByOS",
            "plan": [],
            "platform_fault_domain": -1,
            "priority": "Regular",
            "private_ip_address": "10.3.1.5",
            "private_ip_addresses": [
              "10.3.1.5"
            ],
            "provision_vm_agent": true,
            "proximity_placement_group_id": "",
            "public_ip_address": "",
            "public_ip_addresses": [],
            "reboot_setting": "",
            "resource_group_name": "jd-rg",
            "secret": [],
            "secure_boot_enabled": false,
            "size": "Standard_B2s",
            "source_image_id": "",
            "source_image_reference": [
              {
                "offer": "WindowsServer",
                "publisher": "MicrosoftWindowsServer",
                "sku": "2019-Datacenter",
                "version": "latest"
              }
            ],
            "tags": null,
            "termination_notification": null,
            "timeouts": null,
            "timezone": "",
            "user_data": "",
            "virtual_machine_id": "8d65597f-1c7f-4be1-89aa-ba0e6a92857d",
            "virtual_machine_scale_set_id": "",
            "vm_agent_platform_updates_enabled": true,
            "vtpm_enabled": false,
            "winrm_listener": [],
            "zone": ""
          },
          "sensitive_attributes": [],
          "private": "eyJlMmJmYjczMC1lY2FhLTExZTYtOGY4OC0zNDM2M2JjN2M0YzAiOnsiY3JlYXRlIjoyNzAwMDAwMDAwMDAwLCJkZWxldGUiOjI3MDAwMDAwMDAwMDAsInJlYWQiOjMwMDAwMDAwMDAwMCwidXBkYXRlIjoyNzAwMDAwMDAwMDAwfX0=",
          "dependencies": [
            "azurerm_resource_group.jd_rg",
            "module.db_spoke.azurerm_subnet.db_subnet",
            "module.db_vm.azurerm_network_interface.nic"
          ]
        },
        {
          "index_key": 1,
          "schema_version": 0,
          "attributes": {
            "additional_capabilities": [],
            "additional_unattend_content": [],
            "admin_password": "Password123!",
            "admin_username": "azureadmin",
            "allow_extension_operations": true,
            "availability_set_id": "",
            "boot_diagnostics": [],
            "bypass_platform_safety_checks_on_user_schedule_enabled": false,
            "capacity_reservation_group_id": "",
            "computer_name": "db-vm-1",
            "custom_data": null,
            "dedicated_host_group_id": "",
            "dedicated_host_id": "",
            "disk_controller_type": "",
            "edge_zone": "",
            "enable_automatic_updates": true,
            "encryption_at_host_enabled": false,
            "eviction_policy": "",
            "extensions_time_budget": "PT1H30M",
            "gallery_application": [],
            "hotpatching_enabled": false,
            "id": "/subscriptions/d00b3bbd-b236-423c-b3e6-3ce1cf08e4c7/resourceGroups/jd-rg/providers/Microsoft.Compute/virtualMachines/db-vm-1",
            "identity": [],
            "license_type": "",
            "location": "eastus",
            "max_bid_price": -1,
            "name": "db-vm-1",
            "network_interface_ids": [
              "/subscriptions/d00b3bbd-b236-423c-b3e6-3ce1cf08e4c7/resourceGroups/jd-rg/providers/Microsoft.Network/networkInterfaces/db-nic-1"
            ],
            "os_disk": [
              {
                "caching": "ReadWrite",
                "diff_disk_settings": [],
                "disk_encryption_set_id": "",
                "disk_size_gb": 127,
                "name": "db-vm-1_OsDisk_1_aad6cfb6cbe34911b5c53dc64d54a0f4",
                "secure_vm_disk_encryption_set_id": "",
                "security_encryption_type": "",
                "storage_account_type": "Standard_LRS",
                "write_accelerator_enabled": false
              }
            ],
            "os_image_notification": [],
            "patch_assessment_mode": "ImageDefault",
            "patch_mode": "AutomaticByOS",
            "plan": [],
            "platform_fault_domain": -1,
            "priority": "Regular",
            "private_ip_address": "10.3.1.4",
            "private_ip_addresses": [
              "10.3.1.4"
            ],
            "provision_vm_agent": true,
            "proximity_placement_group_id": "",
            "public_ip_address": "",
            "public_ip_addresses": [],
            "reboot_setting": "",
            "resource_group_name": "jd-rg",
            "secret": [],
            "secure_boot_enabled": false,
            "size": "Standard_B2s",
            "source_image_id": "",
            "source_image_reference": [
              {
                "offer": "WindowsServer",
                "publisher": "MicrosoftWindowsServer",
                "sku": "2019-Datacenter",
                "version": "latest"
              }
            ],
            "tags": null,
            "termination_notification": null,
            "timeouts": null,
            "timezone": "",
            "user_data": "",
            "virtual_machine_id": "ce9e250f-076b-46e8-beba-f05128b0f36c",
            "virtual_machine_scale_set_id": "",
            "vm_agent_platform_updates_enabled": true,
            "vtpm_enabled": false,
            "winrm_listener": [],
            "zone": ""
          },
          "sensitive_attributes": [],
          "private": "eyJlMmJmYjczMC1lY2FhLTExZTYtOGY4OC0zNDM2M2JjN2M0YzAiOnsiY3JlYXRlIjoyNzAwMDAwMDAwMDAwLCJkZWxldGUiOjI3MDAwMDAwMDAwMDAsInJlYWQiOjMwMDAwMDAwMDAwMCwidXBkYXRlIjoyNzAwMDAwMDAwMDAwfX0=",
          "dependencies": [
            "azurerm_resource_group.jd_rg",
            "module.db_spoke.azurerm_subnet.db_subnet",
            "module.db_vm.azurerm_network_interface.nic"
          ]
        }
      ]
    },
    {
      "module": "module.firewall",
      "mode": "managed",
      "type": "azurerm_firewall",
      "name": "azure_fw",
      "provider": "provider[\"registry.terraform.io/hashicorp/azurerm\"]",
      "instances": [
        {
          "schema_version": 0,
          "attributes": {
            "dns_proxy_enabled": false,
            "dns_servers": [],
            "firewall_policy_id": "/subscriptions/d00b3bbd-b236-423c-b3e6-3ce1cf08e4c7/resourceGroups/jd-rg/providers/Microsoft.Network/firewallPolicies/jd-firewall-policy",
            "id": "/subscriptions/d00b3bbd-b236-423c-b3e6-3ce1cf08e4c7/resourceGroups/jd-rg/providers/Microsoft.Network/azureFirewalls/jd-azure-fw",
            "ip_configuration": [
              {
                "name": "fw-config",
                "private_ip_address": "10.0.1.4",
                "public_ip_address_id": "/subscriptions/d00b3bbd-b236-423c-b3e6-3ce1cf08e4c7/resourceGroups/jd-rg/providers/Microsoft.Network/publicIPAddresses/jd-fw-ip",
                "subnet_id": "/subscriptions/d00b3bbd-b236-423c-b3e6-3ce1cf08e4c7/resourceGroups/jd-rg/providers/Microsoft.Network/virtualNetworks/jd-hub-vnet/subnets/AzureFirewallSubnet"
              }
            ],
            "location": "eastus",
            "management_ip_configuration": [],
            "name": "jd-azure-fw",
            "private_ip_ranges": [],
            "resource_group_name": "jd-rg",
            "sku_name": "AZFW_VNet",
            "sku_tier": "Standard",
            "tags": {},
            "threat_intel_mode": "Alert",
            "timeouts": null,
            "virtual_hub": [],
            "zones": []
          },
          "sensitive_attributes": [],
          "private": "eyJlMmJmYjczMC1lY2FhLTExZTYtOGY4OC0zNDM2M2JjN2M0YzAiOnsiY3JlYXRlIjo1NDAwMDAwMDAwMDAwLCJkZWxldGUiOjU0MDAwMDAwMDAwMDAsInJlYWQiOjMwMDAwMDAwMDAwMCwidXBkYXRlIjo1NDAwMDAwMDAwMDAwfX0=",
          "dependencies": [
            "azurerm_resource_group.jd_rg",
            "module.firewall.azurerm_firewall_policy.jd_fw_policy",
            "module.firewall.azurerm_public_ip.fw_pip",
            "module.hub.azurerm_subnet.firewall_subnet",
            "module.hub.azurerm_virtual_network.hub_vnet"
          ]
        }
      ]
    },
    {
      "module": "module.firewall",
      "mode": "managed",
      "type": "azurerm_firewall_policy",
      "name": "jd_fw_policy",
      "provider": "provider[\"registry.terraform.io/hashicorp/azurerm\"]",
      "instances": [
        {
          "schema_version": 0,
          "attributes": {
            "auto_learn_private_ranges_enabled": false,
            "base_policy_id": "",
            "child_policies": [],
            "dns": [],
            "explicit_proxy": [],
            "firewalls": [
              "/subscriptions/d00b3bbd-b236-423c-b3e6-3ce1cf08e4c7/resourceGroups/jd-rg/providers/Microsoft.Network/azureFirewalls/jd-azure-fw"
            ],
            "id": "/subscriptions/d00b3bbd-b236-423c-b3e6-3ce1cf08e4c7/resourceGroups/jd-rg/providers/Microsoft.Network/firewallPolicies/jd-firewall-policy",
            "identity": [],
            "insights": [],
            "intrusion_detection": [],
            "location": "eastus",
            "name": "jd-firewall-policy",
            "private_ip_ranges": [],
            "resource_group_name": "jd-rg",
            "rule_collection_groups": [
              "/subscriptions/d00b3bbd-b236-423c-b3e6-3ce1cf08e4c7/resourceGroups/jd-rg/providers/Microsoft.Network/firewallPolicies/jd-firewall-policy/ruleCollectionGroups/jd-fw-rules"
            ],
            "sku": "Standard",
            "sql_redirect_allowed": null,
            "tags": {},
            "threat_intelligence_allowlist": [],
            "threat_intelligence_mode": "Alert",
            "timeouts": null,
            "tls_certificate": []
          },
          "sensitive_attributes": [],
          "private": "eyJlMmJmYjczMC1lY2FhLTExZTYtOGY4OC0zNDM2M2JjN2M0YzAiOnsiY3JlYXRlIjoxODAwMDAwMDAwMDAwLCJkZWxldGUiOjE4MDAwMDAwMDAwMDAsInJlYWQiOjMwMDAwMDAwMDAwMCwidXBkYXRlIjoxODAwMDAwMDAwMDAwfX0=",
          "dependencies": [
            "azurerm_resource_group.jd_rg"
          ]
        }
      ]
    },
    {
      "module": "module.firewall",
      "mode": "managed",
      "type": "azurerm_firewall_policy_rule_collection_group",
      "name": "jd_fw_rules",
      "provider": "provider[\"registry.terraform.io/hashicorp/azurerm\"]",
      "instances": [
        {
          "schema_version": 0,
          "attributes": {
            "application_rule_collection": [],
            "firewall_policy_id": "/subscriptions/d00b3bbd-b236-423c-b3e6-3ce1cf08e4c7/resourceGroups/jd-rg/providers/Microsoft.Network/firewallPolicies/jd-firewall-policy",
            "id": "/subscriptions/d00b3bbd-b236-423c-b3e6-3ce1cf08e4c7/resourceGroups/jd-rg/providers/Microsoft.Network/firewallPolicies/jd-firewall-policy/ruleCollectionGroups/jd-fw-rules",
            "name": "jd-fw-rules",
            "nat_rule_collection": [],
            "network_rule_collection": [
              {
                "action": "Allow",
                "name": "network-rules",
                "priority": 100,
                "rule": [
                  {
                    "description": "",
                    "destination_addresses": [
                      "10.1.1.0/24"
                    ],
                    "destination_fqdns": [],
                    "destination_ip_groups": [],
                    "destination_ports": [
                      "80",
                      "443"
                    ],
                    "name": "internet-to-web",
                    "protocols": [
                      "TCP"
                    ],
                    "source_addresses": [
                      "*"
                    ],
                    "source_ip_groups": []
                  },
                  {
                    "description": "",
                    "destination_addresses": [
                      "10.2.0.0/16"
                    ],
                    "destination_fqdns": [],
                    "destination_ip_groups": [],
                    "destination_ports": [
                      "8080"
                    ],
                    "name": "web-to-app",
                    "protocols": [
                      "TCP"
                    ],
                    "source_addresses": [
                      "10.1.0.0/16"
                    ],
                    "source_ip_groups": []
                  },
                  {
                    "description": "",
                    "destination_addresses": [
                      "10.3.0.0/16"
                    ],
                    "destination_fqdns": [],
                    "destination_ip_groups": [],
                    "destination_ports": [
                      "1433"
                    ],
                    "name": "app-to-db",
                    "protocols": [
                      "TCP"
                    ],
                    "source_addresses": [
                      "10.2.0.0/16"
                    ],
                    "source_ip_groups": []
                  }
                ]
              }
            ],
            "priority": 100,
            "timeouts": null
          },
          "sensitive_attributes": [],
          "private": "eyJlMmJmYjczMC1lY2FhLTExZTYtOGY4OC0zNDM2M2JjN2M0YzAiOnsiY3JlYXRlIjoxODAwMDAwMDAwMDAwLCJkZWxldGUiOjE4MDAwMDAwMDAwMDAsInJlYWQiOjMwMDAwMDAwMDAwMCwidXBkYXRlIjoxODAwMDAwMDAwMDAwfX0=",
          "dependencies": [
            "azurerm_resource_group.jd_rg",
            "module.firewall.azurerm_firewall_policy.jd_fw_policy"
          ]
        }
      ]
    },
    {
      "module": "module.firewall",
      "mode": "managed",
      "type": "azurerm_public_ip",
      "name": "fw_pip",
      "provider": "provider[\"registry.terraform.io/hashicorp/azurerm\"]",
      "instances": [
        {
          "schema_version": 0,
          "attributes": {
            "allocation_method": "Static",
            "ddos_protection_mode": "VirtualNetworkInherited",
            "ddos_protection_plan_id": null,
            "domain_name_label": null,
            "edge_zone": "",
            "fqdn": null,
            "id": "/subscriptions/d00b3bbd-b236-423c-b3e6-3ce1cf08e4c7/resourceGroups/jd-rg/providers/Microsoft.Network/publicIPAddresses/jd-fw-ip",
            "idle_timeout_in_minutes": 4,
            "ip_address": "168.62.49.232",
            "ip_tags": {},
            "ip_version": "IPv4",
            "location": "eastus",
            "name": "jd-fw-ip",
            "public_ip_prefix_id": null,
            "resource_group_name": "jd-rg",
            "reverse_fqdn": null,
            "sku": "Standard",
            "sku_tier": "Regional",
            "tags": {},
            "timeouts": null,
            "zones": []
          },
          "sensitive_attributes": [],
          "private": "eyJlMmJmYjczMC1lY2FhLTExZTYtOGY4OC0zNDM2M2JjN2M0YzAiOnsiY3JlYXRlIjoxODAwMDAwMDAwMDAwLCJkZWxldGUiOjE4MDAwMDAwMDAwMDAsInJlYWQiOjMwMDAwMDAwMDAwMCwidXBkYXRlIjoxODAwMDAwMDAwMDAwfX0=",
          "dependencies": [
            "azurerm_resource_group.jd_rg"
          ]
        }
      ]
    },
    {
      "module": "module.hub",
      "mode": "managed",
      "type": "azurerm_subnet",
      "name": "firewall_subnet",
      "provider": "provider[\"registry.terraform.io/hashicorp/azurerm\"]",
      "instances": [
        {
          "schema_version": 0,
          "attributes": {
            "address_prefixes": [
              "10.0.1.0/24"
            ],
            "default_outbound_access_enabled": true,
            "delegation": [],
            "enforce_private_link_endpoint_network_policies": false,
            "enforce_private_link_service_network_policies": false,
            "id": "/subscriptions/d00b3bbd-b236-423c-b3e6-3ce1cf08e4c7/resourceGroups/jd-rg/providers/Microsoft.Network/virtualNetworks/jd-hub-vnet/subnets/AzureFirewallSubnet",
            "name": "AzureFirewallSubnet",
            "private_endpoint_network_policies": "Enabled",
            "private_endpoint_network_policies_enabled": true,
            "private_link_service_network_policies_enabled": true,
            "resource_group_name": "jd-rg",
            "service_endpoint_policy_ids": [],
            "service_endpoints": [],
            "timeouts": null,
            "virtual_network_name": "jd-hub-vnet"
          },
          "sensitive_attributes": [],
          "private": "eyJlMmJmYjczMC1lY2FhLTExZTYtOGY4OC0zNDM2M2JjN2M0YzAiOnsiY3JlYXRlIjoxODAwMDAwMDAwMDAwLCJkZWxldGUiOjE4MDAwMDAwMDAwMDAsInJlYWQiOjMwMDAwMDAwMDAwMCwidXBkYXRlIjoxODAwMDAwMDAwMDAwfX0=",
          "dependencies": [
            "azurerm_resource_group.jd_rg",
            "module.hub.azurerm_virtual_network.hub_vnet"
          ]
        }
      ]
    },
    {
      "module": "module.hub",
      "mode": "managed",
      "type": "azurerm_subnet",
      "name": "gateway_subnet",
      "provider": "provider[\"registry.terraform.io/hashicorp/azurerm\"]",
      "instances": [
        {
          "schema_version": 0,
          "attributes": {
            "address_prefixes": [
              "10.0.2.0/24"
            ],
            "default_outbound_access_enabled": true,
            "delegation": [],
            "enforce_private_link_endpoint_network_policies": false,
            "enforce_private_link_service_network_policies": false,
            "id": "/subscriptions/d00b3bbd-b236-423c-b3e6-3ce1cf08e4c7/resourceGroups/jd-rg/providers/Microsoft.Network/virtualNetworks/jd-hub-vnet/subnets/GatewaySubnet",
            "name": "GatewaySubnet",
            "private_endpoint_network_policies": "Enabled",
            "private_endpoint_network_policies_enabled": true,
            "private_link_service_network_policies_enabled": true,
            "resource_group_name": "jd-rg",
            "service_endpoint_policy_ids": [],
            "service_endpoints": [],
            "timeouts": null,
            "virtual_network_name": "jd-hub-vnet"
          },
          "sensitive_attributes": [],
          "private": "eyJlMmJmYjczMC1lY2FhLTExZTYtOGY4OC0zNDM2M2JjN2M0YzAiOnsiY3JlYXRlIjoxODAwMDAwMDAwMDAwLCJkZWxldGUiOjE4MDAwMDAwMDAwMDAsInJlYWQiOjMwMDAwMDAwMDAwMCwidXBkYXRlIjoxODAwMDAwMDAwMDAwfX0=",
          "dependencies": [
            "azurerm_resource_group.jd_rg",
            "module.hub.azurerm_virtual_network.hub_vnet"
          ]
        }
      ]
    },
    {
      "module": "module.hub",
      "mode": "managed",
      "type": "azurerm_virtual_network",
      "name": "hub_vnet",
      "provider": "provider[\"registry.terraform.io/hashicorp/azurerm\"]",
      "instances": [
        {
          "schema_version": 0,
          "attributes": {
            "address_space": [
              "10.0.0.0/16"
            ],
            "bgp_community": "",
            "ddos_protection_plan": [],
            "dns_servers": [],
            "edge_zone": "",
            "encryption": [],
            "flow_timeout_in_minutes": 0,
            "guid": "b961a27d-c032-48f0-92c5-f44f323f5fad",
            "id": "/subscriptions/d00b3bbd-b236-423c-b3e6-3ce1cf08e4c7/resourceGroups/jd-rg/providers/Microsoft.Network/virtualNetworks/jd-hub-vnet",
            "location": "eastus",
            "name": "jd-hub-vnet",
            "resource_group_name": "jd-rg",
            "subnet": [
              {
                "address_prefix": "10.0.1.0/24",
                "id": "/subscriptions/d00b3bbd-b236-423c-b3e6-3ce1cf08e4c7/resourceGroups/jd-rg/providers/Microsoft.Network/virtualNetworks/jd-hub-vnet/subnets/AzureFirewallSubnet",
                "name": "AzureFirewallSubnet",
                "security_group": ""
              },
              {
                "address_prefix": "10.0.2.0/24",
                "id": "/subscriptions/d00b3bbd-b236-423c-b3e6-3ce1cf08e4c7/resourceGroups/jd-rg/providers/Microsoft.Network/virtualNetworks/jd-hub-vnet/subnets/GatewaySubnet",
                "name": "GatewaySubnet",
                "security_group": ""
              }
            ],
            "tags": {},
            "timeouts": null
          },
          "sensitive_attributes": [],
          "private": "eyJlMmJmYjczMC1lY2FhLTExZTYtOGY4OC0zNDM2M2JjN2M0YzAiOnsiY3JlYXRlIjoxODAwMDAwMDAwMDAwLCJkZWxldGUiOjE4MDAwMDAwMDAwMDAsInJlYWQiOjMwMDAwMDAwMDAwMCwidXBkYXRlIjoxODAwMDAwMDAwMDAwfX0=",
          "dependencies": [
            "azurerm_resource_group.jd_rg"
          ]
        }
      ]
    },
    {
      "module": "module.loadbalancer",
      "mode": "managed",
      "type": "azurerm_lb",
      "name": "app_lb",
      "provider": "provider[\"registry.terraform.io/hashicorp/azurerm\"]",
      "instances": [
        {
          "schema_version": 0,
          "attributes": {
            "edge_zone": "",
            "frontend_ip_configuration": [
              {
                "gateway_load_balancer_frontend_ip_configuration_id": "",
                "id": "/subscriptions/d00b3bbd-b236-423c-b3e6-3ce1cf08e4c7/resourceGroups/jd-rg/providers/Microsoft.Network/loadBalancers/jd-app-lb/frontendIPConfigurations/app-frontend",
                "inbound_nat_rules": [],
                "load_balancer_rules": [
                  "/subscriptions/d00b3bbd-b236-423c-b3e6-3ce1cf08e4c7/resourceGroups/jd-rg/providers/Microsoft.Network/loadBalancers/jd-app-lb/loadBalancingRules/app-rule"
                ],
                "name": "app-frontend",
                "outbound_rules": [],
                "private_ip_address": "10.2.1.4",
                "private_ip_address_allocation": "Dynamic",
                "private_ip_address_version": "IPv4",
                "public_ip_address_id": "",
                "public_ip_prefix_id": "",
                "subnet_id": "/subscriptions/d00b3bbd-b236-423c-b3e6-3ce1cf08e4c7/resourceGroups/jd-rg/providers/Microsoft.Network/virtualNetworks/jd-app-vnet/subnets/app-subnet",
                "zones": []
              }
            ],
            "id": "/subscriptions/d00b3bbd-b236-423c-b3e6-3ce1cf08e4c7/resourceGroups/jd-rg/providers/Microsoft.Network/loadBalancers/jd-app-lb",
            "location": "eastus",
            "name": "jd-app-lb",
            "private_ip_address": "10.2.1.4",
            "private_ip_addresses": [
              "10.2.1.4"
            ],
            "resource_group_name": "jd-rg",
            "sku": "Standard",
            "sku_tier": "Regional",
            "tags": {},
            "timeouts": null
          },
          "sensitive_attributes": [],
          "private": "eyJlMmJmYjczMC1lY2FhLTExZTYtOGY4OC0zNDM2M2JjN2M0YzAiOnsiY3JlYXRlIjoxODAwMDAwMDAwMDAwLCJkZWxldGUiOjE4MDAwMDAwMDAwMDAsInJlYWQiOjMwMDAwMDAwMDAwMCwidXBkYXRlIjoxODAwMDAwMDAwMDAwfX0=",
          "dependencies": [
            "azurerm_resource_group.jd_rg",
            "module.app_spoke.azurerm_subnet.app_subnet",
            "module.app_spoke.azurerm_virtual_network.app_vnet"
          ]
        }
      ]
    },
    {
      "module": "module.loadbalancer",
      "mode": "managed",
      "type": "azurerm_lb",
      "name": "web_lb",
      "provider": "provider[\"registry.terraform.io/hashicorp/azurerm\"]",
      "instances": [
        {
          "schema_version": 0,
          "attributes": {
            "edge_zone": "",
            "frontend_ip_configuration": [
              {
                "gateway_load_balancer_frontend_ip_configuration_id": "",
                "id": "/subscriptions/d00b3bbd-b236-423c-b3e6-3ce1cf08e4c7/resourceGroups/jd-rg/providers/Microsoft.Network/loadBalancers/jd-web-lb/frontendIPConfigurations/web-frontend",
                "inbound_nat_rules": [],
                "load_balancer_rules": [
                  "/subscriptions/d00b3bbd-b236-423c-b3e6-3ce1cf08e4c7/resourceGroups/jd-rg/providers/Microsoft.Network/loadBalancers/jd-web-lb/loadBalancingRules/http-rule"
                ],
                "name": "web-frontend",
                "outbound_rules": [],
                "private_ip_address": "",
                "private_ip_address_allocation": "Dynamic",
                "private_ip_address_version": "",
                "public_ip_address_id": "/subscriptions/d00b3bbd-b236-423c-b3e6-3ce1cf08e4c7/resourceGroups/jd-rg/providers/Microsoft.Network/publicIPAddresses/jd-web-lb-pip",
                "public_ip_prefix_id": "",
                "subnet_id": "",
                "zones": []
              }
            ],
            "id": "/subscriptions/d00b3bbd-b236-423c-b3e6-3ce1cf08e4c7/resourceGroups/jd-rg/providers/Microsoft.Network/loadBalancers/jd-web-lb",
            "location": "eastus",
            "name": "jd-web-lb",
            "private_ip_address": "",
            "private_ip_addresses": [],
            "resource_group_name": "jd-rg",
            "sku": "Standard",
            "sku_tier": "Regional",
            "tags": {},
            "timeouts": null
          },
          "sensitive_attributes": [],
          "private": "eyJlMmJmYjczMC1lY2FhLTExZTYtOGY4OC0zNDM2M2JjN2M0YzAiOnsiY3JlYXRlIjoxODAwMDAwMDAwMDAwLCJkZWxldGUiOjE4MDAwMDAwMDAwMDAsInJlYWQiOjMwMDAwMDAwMDAwMCwidXBkYXRlIjoxODAwMDAwMDAwMDAwfX0=",
          "dependencies": [
            "azurerm_resource_group.jd_rg",
            "module.loadbalancer.azurerm_public_ip.web_lb_pip"
          ]
        }
      ]
    },
    {
      "module": "module.loadbalancer",
      "mode": "managed",
      "type": "azurerm_lb_backend_address_pool",
      "name": "app_backend",
      "provider": "provider[\"registry.terraform.io/hashicorp/azurerm\"]",
      "instances": [
        {
          "schema_version": 0,
          "attributes": {
            "backend_ip_configurations": [],
            "id": "/subscriptions/d00b3bbd-b236-423c-b3e6-3ce1cf08e4c7/resourceGroups/jd-rg/providers/Microsoft.Network/loadBalancers/jd-app-lb/backendAddressPools/app-backend-pool",
            "inbound_nat_rules": [],
            "load_balancing_rules": [
              "/subscriptions/d00b3bbd-b236-423c-b3e6-3ce1cf08e4c7/resourceGroups/jd-rg/providers/Microsoft.Network/loadBalancers/jd-app-lb/loadBalancingRules/app-rule"
            ],
            "loadbalancer_id": "/subscriptions/d00b3bbd-b236-423c-b3e6-3ce1cf08e4c7/resourceGroups/jd-rg/providers/Microsoft.Network/loadBalancers/jd-app-lb",
            "name": "app-backend-pool",
            "outbound_rules": [],
            "synchronous_mode": "",
            "timeouts": null,
            "tunnel_interface": [],
            "virtual_network_id": ""
          },
          "sensitive_attributes": [],
          "private": "eyJlMmJmYjczMC1lY2FhLTExZTYtOGY4OC0zNDM2M2JjN2M0YzAiOnsiY3JlYXRlIjoxODAwMDAwMDAwMDAwLCJkZWxldGUiOjE4MDAwMDAwMDAwMDAsInJlYWQiOjMwMDAwMDAwMDAwMCwidXBkYXRlIjoxODAwMDAwMDAwMDAwfX0=",
          "dependencies": [
            "azurerm_resource_group.jd_rg",
            "module.app_spoke.azurerm_subnet.app_subnet",
            "module.app_spoke.azurerm_virtual_network.app_vnet",
            "module.loadbalancer.azurerm_lb.app_lb"
          ]
        }
      ]
    },
    {
      "module": "module.loadbalancer",
      "mode": "managed",
      "type": "azurerm_lb_backend_address_pool",
      "name": "web_backend",
      "provider": "provider[\"registry.terraform.io/hashicorp/azurerm\"]",
      "instances": [
        {
          "schema_version": 0,
          "attributes": {
            "backend_ip_configurations": [
              "/subscriptions/d00b3bbd-b236-423c-b3e6-3ce1cf08e4c7/resourceGroups/jd-rg/providers/Microsoft.Network/networkInterfaces/jd-nic-0/ipConfigurations/internal"
            ],
            "id": "/subscriptions/d00b3bbd-b236-423c-b3e6-3ce1cf08e4c7/resourceGroups/jd-rg/providers/Microsoft.Network/loadBalancers/jd-web-lb/backendAddressPools/web-backend-pool",
            "inbound_nat_rules": [],
            "load_balancing_rules": [
              "/subscriptions/d00b3bbd-b236-423c-b3e6-3ce1cf08e4c7/resourceGroups/jd-rg/providers/Microsoft.Network/loadBalancers/jd-web-lb/loadBalancingRules/http-rule"
            ],
            "loadbalancer_id": "/subscriptions/d00b3bbd-b236-423c-b3e6-3ce1cf08e4c7/resourceGroups/jd-rg/providers/Microsoft.Network/loadBalancers/jd-web-lb",
            "name": "web-backend-pool",
            "outbound_rules": [],
            "synchronous_mode": "",
            "timeouts": null,
            "tunnel_interface": [],
            "virtual_network_id": ""
          },
          "sensitive_attributes": [],
          "private": "eyJlMmJmYjczMC1lY2FhLTExZTYtOGY4OC0zNDM2M2JjN2M0YzAiOnsiY3JlYXRlIjoxODAwMDAwMDAwMDAwLCJkZWxldGUiOjE4MDAwMDAwMDAwMDAsInJlYWQiOjMwMDAwMDAwMDAwMCwidXBkYXRlIjoxODAwMDAwMDAwMDAwfX0=",
          "dependencies": [
            "azurerm_resource_group.jd_rg",
            "module.loadbalancer.azurerm_lb.web_lb",
            "module.loadbalancer.azurerm_public_ip.web_lb_pip"
          ]
        }
      ]
    },
    {
      "module": "module.loadbalancer",
      "mode": "managed",
      "type": "azurerm_lb_probe",
      "name": "app_probe",
      "provider": "provider[\"registry.terraform.io/hashicorp/azurerm\"]",
      "instances": [
        {
          "schema_version": 0,
          "attributes": {
            "id": "/subscriptions/d00b3bbd-b236-423c-b3e6-3ce1cf08e4c7/resourceGroups/jd-rg/providers/Microsoft.Network/loadBalancers/jd-app-lb/probes/app-probe",
            "interval_in_seconds": 15,
            "load_balancer_rules": [
              "/subscriptions/d00b3bbd-b236-423c-b3e6-3ce1cf08e4c7/resourceGroups/jd-rg/providers/Microsoft.Network/loadBalancers/jd-app-lb/loadBalancingRules/app-rule"
            ],
            "loadbalancer_id": "/subscriptions/d00b3bbd-b236-423c-b3e6-3ce1cf08e4c7/resourceGroups/jd-rg/providers/Microsoft.Network/loadBalancers/jd-app-lb",
            "name": "app-probe",
            "number_of_probes": 2,
            "port": 8080,
            "probe_threshold": 1,
            "protocol": "Tcp",
            "request_path": "",
            "timeouts": null
          },
          "sensitive_attributes": [],
          "private": "eyJlMmJmYjczMC1lY2FhLTExZTYtOGY4OC0zNDM2M2JjN2M0YzAiOnsiY3JlYXRlIjoxODAwMDAwMDAwMDAwLCJkZWxldGUiOjE4MDAwMDAwMDAwMDAsInJlYWQiOjMwMDAwMDAwMDAwMCwidXBkYXRlIjoxODAwMDAwMDAwMDAwfX0=",
          "dependencies": [
            "azurerm_resource_group.jd_rg",
            "module.app_spoke.azurerm_subnet.app_subnet",
            "module.app_spoke.azurerm_virtual_network.app_vnet",
            "module.loadbalancer.azurerm_lb.app_lb"
          ]
        }
      ]
    },
    {
      "module": "module.loadbalancer",
      "mode": "managed",
      "type": "azurerm_lb_probe",
      "name": "web_probe",
      "provider": "provider[\"registry.terraform.io/hashicorp/azurerm\"]",
      "instances": [
        {
          "schema_version": 0,
          "attributes": {
            "id": "/subscriptions/d00b3bbd-b236-423c-b3e6-3ce1cf08e4c7/resourceGroups/jd-rg/providers/Microsoft.Network/loadBalancers/jd-web-lb/probes/http-probe",
            "interval_in_seconds": 15,
            "load_balancer_rules": [
              "/subscriptions/d00b3bbd-b236-423c-b3e6-3ce1cf08e4c7/resourceGroups/jd-rg/providers/Microsoft.Network/loadBalancers/jd-web-lb/loadBalancingRules/http-rule"
            ],
            "loadbalancer_id": "/subscriptions/d00b3bbd-b236-423c-b3e6-3ce1cf08e4c7/resourceGroups/jd-rg/providers/Microsoft.Network/loadBalancers/jd-web-lb",
            "name": "http-probe",
            "number_of_probes": 2,
            "port": 80,
            "probe_threshold": 1,
            "protocol": "Tcp",
            "request_path": "",
            "timeouts": null
          },
          "sensitive_attributes": [],
          "private": "eyJlMmJmYjczMC1lY2FhLTExZTYtOGY4OC0zNDM2M2JjN2M0YzAiOnsiY3JlYXRlIjoxODAwMDAwMDAwMDAwLCJkZWxldGUiOjE4MDAwMDAwMDAwMDAsInJlYWQiOjMwMDAwMDAwMDAwMCwidXBkYXRlIjoxODAwMDAwMDAwMDAwfX0=",
          "dependencies": [
            "azurerm_resource_group.jd_rg",
            "module.loadbalancer.azurerm_lb.web_lb",
            "module.loadbalancer.azurerm_public_ip.web_lb_pip"
          ]
        }
      ]
    },
    {
      "module": "module.loadbalancer",
      "mode": "managed",
      "type": "azurerm_lb_rule",
      "name": "app_rule",
      "provider": "provider[\"registry.terraform.io/hashicorp/azurerm\"]",
      "instances": [
        {
          "schema_version": 0,
          "attributes": {
            "backend_address_pool_ids": [
              "/subscriptions/d00b3bbd-b236-423c-b3e6-3ce1cf08e4c7/resourceGroups/jd-rg/providers/Microsoft.Network/loadBalancers/jd-app-lb/backendAddressPools/app-backend-pool"
            ],
            "backend_port": 8080,
            "disable_outbound_snat": false,
            "enable_floating_ip": false,
            "enable_tcp_reset": false,
            "frontend_ip_configuration_id": "/subscriptions/d00b3bbd-b236-423c-b3e6-3ce1cf08e4c7/resourceGroups/jd-rg/providers/Microsoft.Network/loadBalancers/jd-app-lb/frontendIPConfigurations/app-frontend",
            "frontend_ip_configuration_name": "app-frontend",
            "frontend_port": 8080,
            "id": "/subscriptions/d00b3bbd-b236-423c-b3e6-3ce1cf08e4c7/resourceGroups/jd-rg/providers/Microsoft.Network/loadBalancers/jd-app-lb/loadBalancingRules/app-rule",
            "idle_timeout_in_minutes": 4,
            "load_distribution": "Default",
            "loadbalancer_id": "/subscriptions/d00b3bbd-b236-423c-b3e6-3ce1cf08e4c7/resourceGroups/jd-rg/providers/Microsoft.Network/loadBalancers/jd-app-lb",
            "name": "app-rule",
            "probe_id": "/subscriptions/d00b3bbd-b236-423c-b3e6-3ce1cf08e4c7/resourceGroups/jd-rg/providers/Microsoft.Network/loadBalancers/jd-app-lb/probes/app-probe",
            "protocol": "Tcp",
            "timeouts": null
          },
          "sensitive_attributes": [],
          "private": "eyJlMmJmYjczMC1lY2FhLTExZTYtOGY4OC0zNDM2M2JjN2M0YzAiOnsiY3JlYXRlIjoxODAwMDAwMDAwMDAwLCJkZWxldGUiOjE4MDAwMDAwMDAwMDAsInJlYWQiOjMwMDAwMDAwMDAwMCwidXBkYXRlIjoxODAwMDAwMDAwMDAwfX0=",
          "dependencies": [
            "azurerm_resource_group.jd_rg",
            "module.app_spoke.azurerm_subnet.app_subnet",
            "module.app_spoke.azurerm_virtual_network.app_vnet",
            "module.loadbalancer.azurerm_lb.app_lb",
            "module.loadbalancer.azurerm_lb_backend_address_pool.app_backend",
            "module.loadbalancer.azurerm_lb_probe.app_probe"
          ]
        }
      ]
    },
    {
      "module": "module.loadbalancer",
      "mode": "managed",
      "type": "azurerm_lb_rule",
      "name": "web_rule",
      "provider": "provider[\"registry.terraform.io/hashicorp/azurerm\"]",
      "instances": [
        {
          "schema_version": 0,
          "attributes": {
            "backend_address_pool_ids": [
              "/subscriptions/d00b3bbd-b236-423c-b3e6-3ce1cf08e4c7/resourceGroups/jd-rg/providers/Microsoft.Network/loadBalancers/jd-web-lb/backendAddressPools/web-backend-pool"
            ],
            "backend_port": 80,
            "disable_outbound_snat": false,
            "enable_floating_ip": false,
            "enable_tcp_reset": false,
            "frontend_ip_configuration_id": "/subscriptions/d00b3bbd-b236-423c-b3e6-3ce1cf08e4c7/resourceGroups/jd-rg/providers/Microsoft.Network/loadBalancers/jd-web-lb/frontendIPConfigurations/web-frontend",
            "frontend_ip_configuration_name": "web-frontend",
            "frontend_port": 80,
            "id": "/subscriptions/d00b3bbd-b236-423c-b3e6-3ce1cf08e4c7/resourceGroups/jd-rg/providers/Microsoft.Network/loadBalancers/jd-web-lb/loadBalancingRules/http-rule",
            "idle_timeout_in_minutes": 4,
            "load_distribution": "Default",
            "loadbalancer_id": "/subscriptions/d00b3bbd-b236-423c-b3e6-3ce1cf08e4c7/resourceGroups/jd-rg/providers/Microsoft.Network/loadBalancers/jd-web-lb",
            "name": "http-rule",
            "probe_id": "/subscriptions/d00b3bbd-b236-423c-b3e6-3ce1cf08e4c7/resourceGroups/jd-rg/providers/Microsoft.Network/loadBalancers/jd-web-lb/probes/http-probe",
            "protocol": "Tcp",
            "timeouts": null
          },
          "sensitive_attributes": [],
          "private": "eyJlMmJmYjczMC1lY2FhLTExZTYtOGY4OC0zNDM2M2JjN2M0YzAiOnsiY3JlYXRlIjoxODAwMDAwMDAwMDAwLCJkZWxldGUiOjE4MDAwMDAwMDAwMDAsInJlYWQiOjMwMDAwMDAwMDAwMCwidXBkYXRlIjoxODAwMDAwMDAwMDAwfX0=",
          "dependencies": [
            "azurerm_resource_group.jd_rg",
            "module.loadbalancer.azurerm_lb.web_lb",
            "module.loadbalancer.azurerm_lb_backend_address_pool.web_backend",
            "module.loadbalancer.azurerm_lb_probe.web_probe",
            "module.loadbalancer.azurerm_public_ip.web_lb_pip"
          ]
        }
      ]
    },
    {
      "module": "module.loadbalancer",
      "mode": "managed",
      "type": "azurerm_public_ip",
      "name": "web_lb_pip",
      "provider": "provider[\"registry.terraform.io/hashicorp/azurerm\"]",
      "instances": [
        {
          "schema_version": 0,
          "attributes": {
            "allocation_method": "Static",
            "ddos_protection_mode": "VirtualNetworkInherited",
            "ddos_protection_plan_id": null,
            "domain_name_label": null,
            "edge_zone": "",
            "fqdn": null,
            "id": "/subscriptions/d00b3bbd-b236-423c-b3e6-3ce1cf08e4c7/resourceGroups/jd-rg/providers/Microsoft.Network/publicIPAddresses/jd-web-lb-pip",
            "idle_timeout_in_minutes": 4,
            "ip_address": "20.127.63.100",
            "ip_tags": {},
            "ip_version": "IPv4",
            "location": "eastus",
            "name": "jd-web-lb-pip",
            "public_ip_prefix_id": null,
            "resource_group_name": "jd-rg",
            "reverse_fqdn": null,
            "sku": "Standard",
            "sku_tier": "Regional",
            "tags": {},
            "timeouts": null,
            "zones": []
          },
          "sensitive_attributes": [],
          "private": "eyJlMmJmYjczMC1lY2FhLTExZTYtOGY4OC0zNDM2M2JjN2M0YzAiOnsiY3JlYXRlIjoxODAwMDAwMDAwMDAwLCJkZWxldGUiOjE4MDAwMDAwMDAwMDAsInJlYWQiOjMwMDAwMDAwMDAwMCwidXBkYXRlIjoxODAwMDAwMDAwMDAwfX0=",
          "dependencies": [
            "azurerm_resource_group.jd_rg"
          ]
        }
      ]
    },
    {
      "module": "module.vnet_peering",
      "mode": "managed",
      "type": "azurerm_virtual_network_peering",
      "name": "hub_to_web",
      "provider": "provider[\"registry.terraform.io/hashicorp/azurerm\"]",
      "instances": [
        {
          "schema_version": 0,
          "attributes": {
            "allow_forwarded_traffic": false,
            "allow_gateway_transit": false,
            "allow_virtual_network_access": true,
            "id": "/subscriptions/d00b3bbd-b236-423c-b3e6-3ce1cf08e4c7/resourceGroups/jd-rg/providers/Microsoft.Network/virtualNetworks/jd-hub-vnet/virtualNetworkPeerings/hub-to-web",
            "local_subnet_names": [],
            "name": "hub-to-web",
            "only_ipv6_peering_enabled": false,
            "peer_complete_virtual_networks_enabled": true,
            "remote_subnet_names": [],
            "remote_virtual_network_id": "/subscriptions/d00b3bbd-b236-423c-b3e6-3ce1cf08e4c7/resourceGroups/jd-rg/providers/Microsoft.Network/virtualNetworks/jd-web-vnet",
            "resource_group_name": "jd-rg",
            "timeouts": null,
            "triggers": null,
            "use_remote_gateways": false,
            "virtual_network_name": "jd-hub-vnet"
          },
          "sensitive_attributes": [],
          "private": "eyJlMmJmYjczMC1lY2FhLTExZTYtOGY4OC0zNDM2M2JjN2M0YzAiOnsiY3JlYXRlIjoxODAwMDAwMDAwMDAwLCJkZWxldGUiOjE4MDAwMDAwMDAwMDAsInJlYWQiOjMwMDAwMDAwMDAwMCwidXBkYXRlIjoxODAwMDAwMDAwMDAwfX0=",
          "dependencies": [
            "azurerm_resource_group.jd_rg",
            "module.hub.azurerm_virtual_network.hub_vnet",
            "module.web_spoke.azurerm_virtual_network.web_vnet"
          ]
        }
      ]
    },
    {
      "module": "module.vnet_peering",
      "mode": "managed",
      "type": "azurerm_virtual_network_peering",
      "name": "web_to_hub",
      "provider": "provider[\"registry.terraform.io/hashicorp/azurerm\"]",
      "instances": [
        {
          "schema_version": 0,
          "attributes": {
            "allow_forwarded_traffic": false,
            "allow_gateway_transit": false,
            "allow_virtual_network_access": true,
            "id": "/subscriptions/d00b3bbd-b236-423c-b3e6-3ce1cf08e4c7/resourceGroups/jd-rg/providers/Microsoft.Network/virtualNetworks/jd-web-vnet/virtualNetworkPeerings/web-to-hub",
            "local_subnet_names": [],
            "name": "web-to-hub",
            "only_ipv6_peering_enabled": false,
            "peer_complete_virtual_networks_enabled": true,
            "remote_subnet_names": [],
            "remote_virtual_network_id": "/subscriptions/d00b3bbd-b236-423c-b3e6-3ce1cf08e4c7/resourceGroups/jd-rg/providers/Microsoft.Network/virtualNetworks/jd-hub-vnet",
            "resource_group_name": "jd-rg",
            "timeouts": null,
            "triggers": null,
            "use_remote_gateways": false,
            "virtual_network_name": "jd-web-vnet"
          },
          "sensitive_attributes": [],
          "private": "eyJlMmJmYjczMC1lY2FhLTExZTYtOGY4OC0zNDM2M2JjN2M0YzAiOnsiY3JlYXRlIjoxODAwMDAwMDAwMDAwLCJkZWxldGUiOjE4MDAwMDAwMDAwMDAsInJlYWQiOjMwMDAwMDAwMDAwMCwidXBkYXRlIjoxODAwMDAwMDAwMDAwfX0=",
          "dependencies": [
            "azurerm_resource_group.jd_rg",
            "module.hub.azurerm_virtual_network.hub_vnet",
            "module.web_spoke.azurerm_virtual_network.web_vnet"
          ]
        }
      ]
    },
    {
      "module": "module.web_lb",
      "mode": "managed",
      "type": "azurerm_lb",
      "name": "web_lb",
      "provider": "provider[\"registry.terraform.io/hashicorp/azurerm\"]",
      "instances": []
    },
    {
      "module": "module.web_lb",
      "mode": "managed",
      "type": "azurerm_lb_backend_address_pool",
      "name": "app_backend",
      "provider": "provider[\"registry.terraform.io/hashicorp/azurerm\"]",
      "instances": []
    },
    {
      "module": "module.web_lb",
      "mode": "managed",
      "type": "azurerm_lb_backend_address_pool",
      "name": "web_backend",
      "provider": "provider[\"registry.terraform.io/hashicorp/azurerm\"]",
      "instances": []
    },
    {
      "module": "module.web_lb",
      "mode": "managed",
      "type": "azurerm_lb_probe",
      "name": "app_probe",
      "provider": "provider[\"registry.terraform.io/hashicorp/azurerm\"]",
      "instances": []
    },
    {
      "module": "module.web_lb",
      "mode": "managed",
      "type": "azurerm_lb_probe",
      "name": "web_probe",
      "provider": "provider[\"registry.terraform.io/hashicorp/azurerm\"]",
      "instances": []
    },
    {
      "module": "module.web_lb",
      "mode": "managed",
      "type": "azurerm_lb_rule",
      "name": "app_rule",
      "provider": "provider[\"registry.terraform.io/hashicorp/azurerm\"]",
      "instances": []
    },
    {
      "module": "module.web_lb",
      "mode": "managed",
      "type": "azurerm_lb_rule",
      "name": "web_rule",
      "provider": "provider[\"registry.terraform.io/hashicorp/azurerm\"]",
      "instances": []
    },
    {
      "module": "module.web_route_table",
      "mode": "managed",
      "type": "azurerm_route",
      "name": "default_route",
      "provider": "provider[\"registry.terraform.io/hashicorp/azurerm\"]",
      "instances": [
        {
          "schema_version": 0,
          "attributes": {
            "address_prefix": "0.0.0.0/0",
            "id": "/subscriptions/d00b3bbd-b236-423c-b3e6-3ce1cf08e4c7/resourceGroups/jd-rg/providers/Microsoft.Network/routeTables/jd-spoke-rt/routes/default-to-firewall",
            "name": "default-to-firewall",
            "next_hop_in_ip_address": "10.0.1.4",
            "next_hop_type": "VirtualAppliance",
            "resource_group_name": "jd-rg",
            "route_table_name": "jd-spoke-rt",
            "timeouts": null
          },
          "sensitive_attributes": [],
          "private": "eyJlMmJmYjczMC1lY2FhLTExZTYtOGY4OC0zNDM2M2JjN2M0YzAiOnsiY3JlYXRlIjoxODAwMDAwMDAwMDAwLCJkZWxldGUiOjE4MDAwMDAwMDAwMDAsInJlYWQiOjMwMDAwMDAwMDAwMCwidXBkYXRlIjoxODAwMDAwMDAwMDAwfX0=",
          "dependencies": [
            "azurerm_resource_group.jd_rg",
            "module.firewall.azurerm_firewall.azure_fw",
            "module.firewall.azurerm_firewall_policy.jd_fw_policy",
            "module.firewall.azurerm_public_ip.fw_pip",
            "module.hub.azurerm_subnet.firewall_subnet",
            "module.hub.azurerm_virtual_network.hub_vnet",
            "module.web_route_table.azurerm_route_table.spoke_rt"
          ]
        }
      ]
    },
    {
      "module": "module.web_route_table",
      "mode": "managed",
      "type": "azurerm_route_table",
      "name": "spoke_rt",
      "provider": "provider[\"registry.terraform.io/hashicorp/azurerm\"]",
      "instances": [
        {
          "schema_version": 0,
          "attributes": {
            "bgp_route_propagation_enabled": true,
            "disable_bgp_route_propagation": false,
            "id": "/subscriptions/d00b3bbd-b236-423c-b3e6-3ce1cf08e4c7/resourceGroups/jd-rg/providers/Microsoft.Network/routeTables/jd-spoke-rt",
            "location": "eastus",
            "name": "jd-spoke-rt",
            "resource_group_name": "jd-rg",
            "route": [
              {
                "address_prefix": "0.0.0.0/0",
                "name": "default-to-firewall",
                "next_hop_in_ip_address": "10.0.1.4",
                "next_hop_type": "VirtualAppliance"
              }
            ],
            "subnets": [
              "/subscriptions/d00b3bbd-b236-423c-b3e6-3ce1cf08e4c7/resourceGroups/jd-rg/providers/Microsoft.Network/virtualNetworks/jd-web-vnet/subnets/web-subnet"
            ],
            "tags": {},
            "timeouts": null
          },
          "sensitive_attributes": [],
          "private": "eyJlMmJmYjczMC1lY2FhLTExZTYtOGY4OC0zNDM2M2JjN2M0YzAiOnsiY3JlYXRlIjoxODAwMDAwMDAwMDAwLCJkZWxldGUiOjE4MDAwMDAwMDAwMDAsInJlYWQiOjMwMDAwMDAwMDAwMCwidXBkYXRlIjoxODAwMDAwMDAwMDAwfX0=",
          "dependencies": [
            "azurerm_resource_group.jd_rg"
          ]
        }
      ]
    },
    {
      "module": "module.web_route_table",
      "mode": "managed",
      "type": "azurerm_subnet_route_table_association",
      "name": "web_rt_assoc",
      "provider": "provider[\"registry.terraform.io/hashicorp/azurerm\"]",
      "instances": [
        {
          "schema_version": 0,
          "attributes": {
            "id": "/subscriptions/d00b3bbd-b236-423c-b3e6-3ce1cf08e4c7/resourceGroups/jd-rg/providers/Microsoft.Network/virtualNetworks/jd-web-vnet/subnets/web-subnet",
            "route_table_id": "/subscriptions/d00b3bbd-b236-423c-b3e6-3ce1cf08e4c7/resourceGroups/jd-rg/providers/Microsoft.Network/routeTables/jd-spoke-rt",
            "subnet_id": "/subscriptions/d00b3bbd-b236-423c-b3e6-3ce1cf08e4c7/resourceGroups/jd-rg/providers/Microsoft.Network/virtualNetworks/jd-web-vnet/subnets/web-subnet",
            "timeouts": null
          },
          "sensitive_attributes": [],
          "private": "eyJlMmJmYjczMC1lY2FhLTExZTYtOGY4OC0zNDM2M2JjN2M0YzAiOnsiY3JlYXRlIjoxODAwMDAwMDAwMDAwLCJkZWxldGUiOjE4MDAwMDAwMDAwMDAsInJlYWQiOjMwMDAwMDAwMDAwMH19",
          "dependencies": [
            "azurerm_resource_group.jd_rg",
            "module.web_route_table.azurerm_route_table.spoke_rt",
            "module.web_spoke.azurerm_subnet.web_subnet",
            "module.web_spoke.azurerm_virtual_network.web_vnet"
          ]
        }
      ]
    },
    {
      "module": "module.web_spoke",
      "mode": "managed",
      "type": "azurerm_subnet",
      "name": "web_subnet",
      "provider": "provider[\"registry.terraform.io/hashicorp/azurerm\"]",
      "instances": [
        {
          "schema_version": 0,
          "attributes": {
            "address_prefixes": [
              "10.1.1.0/24"
            ],
            "default_outbound_access_enabled": true,
            "delegation": [],
            "enforce_private_link_endpoint_network_policies": false,
            "enforce_private_link_service_network_policies": false,
            "id": "/subscriptions/d00b3bbd-b236-423c-b3e6-3ce1cf08e4c7/resourceGroups/jd-rg/providers/Microsoft.Network/virtualNetworks/jd-web-vnet/subnets/web-subnet",
            "name": "web-subnet",
            "private_endpoint_network_policies": "Enabled",
            "private_endpoint_network_policies_enabled": true,
            "private_link_service_network_policies_enabled": true,
            "resource_group_name": "jd-rg",
            "service_endpoint_policy_ids": [],
            "service_endpoints": [],
            "timeouts": null,
            "virtual_network_name": "jd-web-vnet"
          },
          "sensitive_attributes": [],
          "private": "eyJlMmJmYjczMC1lY2FhLTExZTYtOGY4OC0zNDM2M2JjN2M0YzAiOnsiY3JlYXRlIjoxODAwMDAwMDAwMDAwLCJkZWxldGUiOjE4MDAwMDAwMDAwMDAsInJlYWQiOjMwMDAwMDAwMDAwMCwidXBkYXRlIjoxODAwMDAwMDAwMDAwfX0=",
          "dependencies": [
            "azurerm_resource_group.jd_rg",
            "module.web_spoke.azurerm_virtual_network.web_vnet"
          ]
        }
      ]
    },
    {
      "module": "module.web_spoke",
      "mode": "managed",
      "type": "azurerm_virtual_network",
      "name": "web_vnet",
      "provider": "provider[\"registry.terraform.io/hashicorp/azurerm\"]",
      "instances": [
        {
          "schema_version": 0,
          "attributes": {
            "address_space": [
              "10.1.0.0/16"
            ],
            "bgp_community": "",
            "ddos_protection_plan": [],
            "dns_servers": [],
            "edge_zone": "",
            "encryption": [],
            "flow_timeout_in_minutes": 0,
            "guid": "f276d59e-6d13-4543-942d-74024eaed044",
            "id": "/subscriptions/d00b3bbd-b236-423c-b3e6-3ce1cf08e4c7/resourceGroups/jd-rg/providers/Microsoft.Network/virtualNetworks/jd-web-vnet",
            "location": "eastus",
            "name": "jd-web-vnet",
            "resource_group_name": "jd-rg",
            "subnet": [
              {
                "address_prefix": "10.1.1.0/24",
                "id": "/subscriptions/d00b3bbd-b236-423c-b3e6-3ce1cf08e4c7/resourceGroups/jd-rg/providers/Microsoft.Network/virtualNetworks/jd-web-vnet/subnets/web-subnet",
                "name": "web-subnet",
                "security_group": ""
              }
            ],
            "tags": {},
            "timeouts": null
          },
          "sensitive_attributes": [],
          "private": "eyJlMmJmYjczMC1lY2FhLTExZTYtOGY4OC0zNDM2M2JjN2M0YzAiOnsiY3JlYXRlIjoxODAwMDAwMDAwMDAwLCJkZWxldGUiOjE4MDAwMDAwMDAwMDAsInJlYWQiOjMwMDAwMDAwMDAwMCwidXBkYXRlIjoxODAwMDAwMDAwMDAwfX0=",
          "dependencies": [
            "azurerm_resource_group.jd_rg"
          ]
        }
      ]
    },
    {
      "module": "module.web_vm",
      "mode": "managed",
      "type": "azurerm_network_interface",
      "name": "nic",
      "provider": "provider[\"registry.terraform.io/hashicorp/azurerm\"]",
      "instances": [
        {
          "index_key": 0,
          "schema_version": 0,
          "attributes": {
            "accelerated_networking_enabled": false,
            "applied_dns_servers": [],
            "auxiliary_mode": "",
            "auxiliary_sku": "",
            "dns_servers": [],
            "edge_zone": "",
            "enable_accelerated_networking": false,
            "enable_ip_forwarding": false,
            "id": "/subscriptions/d00b3bbd-b236-423c-b3e6-3ce1cf08e4c7/resourceGroups/jd-rg/providers/Microsoft.Network/networkInterfaces/web-nic-0",
            "internal_dns_name_label": "",
            "internal_domain_name_suffix": "t1kxn2qtnvbulfbnoqbe3lwqie.bx.internal.cloudapp.net",
            "ip_configuration": [
              {
                "gateway_load_balancer_frontend_ip_configuration_id": "",
                "name": "internal",
                "primary": true,
                "private_ip_address": "10.1.1.5",
                "private_ip_address_allocation": "Dynamic",
                "private_ip_address_version": "IPv4",
                "public_ip_address_id": "",
                "subnet_id": "/subscriptions/d00b3bbd-b236-423c-b3e6-3ce1cf08e4c7/resourceGroups/jd-rg/providers/Microsoft.Network/virtualNetworks/jd-web-vnet/subnets/web-subnet"
              }
            ],
            "ip_forwarding_enabled": false,
            "location": "eastus",
            "mac_address": "",
            "name": "web-nic-0",
            "private_ip_address": "10.1.1.5",
            "private_ip_addresses": [
              "10.1.1.5"
            ],
            "resource_group_name": "jd-rg",
            "tags": null,
            "timeouts": null,
            "virtual_machine_id": ""
          },
          "sensitive_attributes": [],
          "private": "eyJlMmJmYjczMC1lY2FhLTExZTYtOGY4OC0zNDM2M2JjN2M0YzAiOnsiY3JlYXRlIjoxODAwMDAwMDAwMDAwLCJkZWxldGUiOjE4MDAwMDAwMDAwMDAsInJlYWQiOjMwMDAwMDAwMDAwMCwidXBkYXRlIjoxODAwMDAwMDAwMDAwfX0=",
          "dependencies": [
            "azurerm_resource_group.jd_rg",
            "module.web_spoke.azurerm_subnet.web_subnet"
          ]
        },
        {
          "index_key": 1,
          "schema_version": 0,
          "attributes": {
            "accelerated_networking_enabled": false,
            "applied_dns_servers": [],
            "auxiliary_mode": "",
            "auxiliary_sku": "",
            "dns_servers": [],
            "edge_zone": "",
            "enable_accelerated_networking": false,
            "enable_ip_forwarding": false,
            "id": "/subscriptions/d00b3bbd-b236-423c-b3e6-3ce1cf08e4c7/resourceGroups/jd-rg/providers/Microsoft.Network/networkInterfaces/jd-nic-1",
            "internal_dns_name_label": "",
            "internal_domain_name_suffix": "fnnzwkvmdqpu5dko5ljszvygqd.bx.internal.cloudapp.net",
            "ip_configuration": [
              {
                "gateway_load_balancer_frontend_ip_configuration_id": "",
                "name": "internal",
                "primary": true,
                "private_ip_address": "10.1.1.4",
                "private_ip_address_allocation": "Dynamic",
                "private_ip_address_version": "IPv4",
                "public_ip_address_id": "",
                "subnet_id": "/subscriptions/d00b3bbd-b236-423c-b3e6-3ce1cf08e4c7/resourceGroups/jd-rg/providers/Microsoft.Network/virtualNetworks/jd-web-vnet/subnets/web-subnet"
              }
            ],
            "ip_forwarding_enabled": false,
            "location": "eastus",
            "mac_address": "00-0D-3A-1E-7F-07",
            "name": "jd-nic-1",
            "private_ip_address": "10.1.1.4",
            "private_ip_addresses": [
              "10.1.1.4"
            ],
            "resource_group_name": "jd-rg",
            "tags": {},
            "timeouts": null,
            "virtual_machine_id": "/subscriptions/d00b3bbd-b236-423c-b3e6-3ce1cf08e4c7/resourceGroups/jd-rg/providers/Microsoft.Compute/virtualMachines/jd-vm-1"
          },
          "sensitive_attributes": [],
          "private": "eyJlMmJmYjczMC1lY2FhLTExZTYtOGY4OC0zNDM2M2JjN2M0YzAiOnsiY3JlYXRlIjoxODAwMDAwMDAwMDAwLCJkZWxldGUiOjE4MDAwMDAwMDAwMDAsInJlYWQiOjMwMDAwMDAwMDAwMCwidXBkYXRlIjoxODAwMDAwMDAwMDAwfX0=",
          "dependencies": [
            "azurerm_resource_group.jd_rg",
            "module.web_spoke.azurerm_subnet.web_subnet",
            "module.web_spoke.azurerm_virtual_network.web_vnet"
          ]
        }
      ]
    },
    {
      "module": "module.web_vm",
      "mode": "managed",
      "type": "azurerm_network_interface_backend_address_pool_association",
      "name": "web_lb_assoc",
      "provider": "provider[\"registry.terraform.io/hashicorp/azurerm\"]",
      "instances": []
    },
    {
      "module": "module.web_vm",
      "mode": "managed",
      "type": "azurerm_windows_virtual_machine",
      "name": "vm",
      "provider": "provider[\"registry.terraform.io/hashicorp/azurerm\"]",
      "instances": []
    }
  ],
  "check_results": null
}
